{
  "name": "@sebastienrousseau/config-kit",
  "version": "0.0.7",
  "lockfileVersion": 3,
  "requires": true,
  "packages": {
    "": {
      "name": "@sebastienrousseau/config-kit",
      "version": "0.0.7",
      "license": "Apache-2.0 OR MIT",
      "engines": {
        "node": ">=20.0.0"
      }
    }
  }
}
